<?xml version="1.0" encoding="utf-8"?>
<Project ToolsVersion="4.0" xmlns="http://schemas.microsoft.com/developer/msbuild/2003">
  <ItemGroup>
    <Filter Include="Source Files">
      <UniqueIdentifier>{63faa315-57df-4ccc-90c4-ab57f1fd0f63}</UniqueIdentifier>
      <Extensions>cpp;c;cxx;rc;def;r;odl;idl;hpj;bat</Extensions>
    </Filter>
    <Filter Include="Header Files">
      <UniqueIdentifier>{f166a178-fc72-44e8-b833-ab897d5cf650}</UniqueIdentifier>
      <Extensions>h;hpp;hxx;hm;inl</Extensions>
    </Filter>
    <Filter Include="Resource Files">
      <UniqueIdentifier>{f31dd43c-b325-4bf9-9dff-fadb20261d9d}</UniqueIdentifier>
      <Extensions>ico;cur;bmp;dlg;rc2;rct;bin;rgs;gif;jpg;jpeg;jpe</Extensions>
    </Filter>
  </ItemGroup>
  <ItemGroup>
    <ClCompile Include="argsresources.c">
      <Filter>Source Files</Filter>
    </ClCompile>
    <ClCompile Include="buffer.c">
      <Filter>Source Files</Filter>
    </ClCompile>
    <ClCompile Include="cursor.c">
      <Filter>Source Files</Filter>
    </ClCompile>
    <ClCompile Include="d3des.c">
      <Filter>Source Files</Filter>
    </ClCompile>
    <ClCompile Include="getpass.c">
      <Filter>Source Files</Filter>
    </ClCompile>
    <ClCompile Include="listen.c">
      <Filter>Source Files</Filter>
    </ClCompile>
    <ClCompile Include="rfbproto.c">
      <Filter>Source Files</Filter>
    </ClCompile>
    <ClCompile Include="sockets.cxx">
      <Filter>Source Files</Filter>
    </ClCompile>
    <ClCompile Include="tunnel.c">
      <Filter>Source Files</Filter>
    </ClCompile>
    <ClCompile Include="vncauth.c">
      <Filter>Source Files</Filter>
    </ClCompile>
    <ClCompile Include="vncsnapshot.c">
      <Filter>Source Files</Filter>
    </ClCompile>
    <ClCompile Include="zrle.cxx">
      <Filter>Source Files</Filter>
    </ClCompile>
  </ItemGroup>
  <ItemGroup>
    <ClInclude Include="d3des.h">
      <Filter>Header Files</Filter>
    </ClInclude>
    <ClInclude Include="rfb.h">
      <Filter>Header Files</Filter>
    </ClInclude>
    <ClInclude Include="rfbproto.h">
      <Filter>Header Files</Filter>
    </ClInclude>
    <ClInclude Include="stdhdrs.h">
      <Filter>Header Files</Filter>
    </ClInclude>
    <ClInclude Include="vncauth.h">
      <Filter>Header Files</Filter>
    </ClInclude>
    <ClInclude Include="vncsnapshot.h">
      <Filter>Header Files</Filter>
    </ClInclude>
  </ItemGroup>
</Project>